# This file was generated by Aiken
# You typically do not need to edit this file

[[requirements]]
name = "aiken-lang/stdlib"
version = "1.9.0"
source = "github"

[[requirements]]
name = "aiken-lang/fuzz"
version = "main"
source = "github"

[[requirements]]
name = "aiken-lang/merkle-patricia-forestry"
version = "1.0.0"
source = "github"

[[requirements]]
name = "SundaeSwap-finance/aicone"
version = "497e4dd59c1f1e02efacdee0c577ffcd030326bf"
source = "github"

[[packages]]
name = "aiken-lang/stdlib"
version = "1.9.0"
requirements = []
source = "github"

[[packages]]
name = "aiken-lang/fuzz"
version = "main"
requirements = []
source = "github"

[[packages]]
name = "aiken-lang/merkle-patricia-forestry"
version = "1.0.0"
requirements = []
source = "github"

[[packages]]
name = "SundaeSwap-finance/aicone"
version = "497e4dd59c1f1e02efacdee0c577ffcd030326bf"
requirements = []
source = "github"

[etags]
"aiken-lang/fuzz@main" = [{ secs_since_epoch = 1737746709, nanos_since_epoch = 661822953 }, "3a11fee54e28557f5fda865eacb96001aeb77395f24d85e2e5d8788bfbcd2a09"]
